{
  "nodes": {
    "chaotic": {
      "inputs": {
        "flake-schemas": "flake-schemas",
        "home-manager": "home-manager",
        "nixpkgs": "nixpkgs"
      },
      "locked": {
        "lastModified": 1788439799,
        "narHash": "sha256-A4dm8cl5y+PomeCm/lx0/h68jYNDihKrbyU9RcLqFQY=",
        "owner": "chaotic-cx",
        "repo": "nyx",
        "rev": "530da64577315e6bae6abbcd78e1e8f609794b3c",
        "type": "github"
      },
      "original": {
        "owner": "chaotic-cx",
        "ref": "nyxpkgs-unstable",
        "repo": "nyx",
        "type": "github"
      }
    },
    "elephant": {
      "inputs": {
        "nixpkgs": [
          "walker",
          "nixpkgs"
        ],
        "systems": [
          "walker",
          "systems"
        ]
      },
      "locked": {
        "lastModified": 1775706155,
        "narHash": "sha256-h7Rw0vlb0n0Jsk21WJPm7H+1T1bG+PEuxE5cJ2TZl8A=",
        "owner": "abenz1267",
        "repo": "elephant",
        "rev": "376ee71c66db38683daabd57350bf3f6f086eaf8",
        "type": "github"
      },
      "original": {
        "owner": "abenz1267",
        "repo": "elephant",
        "type": "github"
      }
    },
    "flake-schemas": {
      "locked": {
        "lastModified": 1780327564,
        "narHash": "sha256-HiRPtA0spK+Dkgbhz/1zW9glXxNVB+L4Rj2VYmdawb8=",
        "rev": "6cc9bd98891b1fc6bb2b8cb3277df8bc72799ca6",
        "revCount": 149,
        "type": "tarball",
        "url": "https://api.flakehub.com/f/pinned/DeterminateSystems/flake-schemas/0.5.0/019e83cf-9af3-78b1-ac5b-70e68ad1efe1/source.tar.gz"
      },
      "original": {
        "type": "tarball",
        "url": "https://flakehub.com/f/DeterminateSystems/flake-schemas/%3D0.5.0.tar.gz"
      }
    },
    "home-manager": {
      "inputs": {
        "nixpkgs": [
          "chaotic",
          "nixpkgs"
        ]
      },
      "locked": {
        "lastModified": 1788355065,
        "narHash": "sha256-gAz5oTI7ur34CfuakQduiQd/2ZhO62Bn2XXg08nZYYQ=",
        "owner": "nix-community",
        "repo": "home-manager",
        "rev": "d9d750e4fc11c10cab2da677bdd31e427f3a3a71",
        "type": "github"
      },
      "original": {
        "owner": "nix-community",
        "repo": "home-manager",
        "type": "github"
      }
    },
    "home-manager_2": {
      "inputs": {
        "nixpkgs": [
          "nixpkgs"
        ]
      },
      "locked": {
        "lastModified": 1788458226,
        "narHash": "sha256-UZTAlg8iKVEmyEXakzKmukrzFIKrXezYsRy9vajDrGw=",
        "owner": "nix-community",
        "repo": "home-manager",
        "rev": "aa308770461dcf22c333a5e8a31c8bddbde5bee9",
        "type": "github"
      },
      "original": {
        "owner": "nix-community",
        "repo": "home-manager",
        "type": "github"
      }
    },
    "nixpkgs": {
      "locked": {
        "lastModified": 1788179007,
        "narHash": "sha256-hn1oU2rue2SYK8dAr8+WNZWtbsz1S2W5mnHlSEuh3bo=",
        "owner": "NixOS",
        "repo": "nixpkgs",
        "rev": "34ab99075ac4f7e40cf037eef32cb1c360bb85e9",
        "type": "github"
      },
      "original": {
        "owner": "NixOS",
        "ref": "nixos-unstable",
        "repo": "nixpkgs",
        "type": "github"
      }
    },
    "nixpkgs-chatgpt": {
      "locked": {
        "lastModified": 1788405910,
        "narHash": "sha256-ObMxxESmvbb6g9sAd85uzENUE88dx8NiFTaVJEfKQfQ=",
        "owner": "Moraxyc",
        "repo": "nixpkgs",
        "rev": "c3df9b6ddd8979170a7814a697049e3e356fe005",
        "type": "github"
      },
      "original": {
        "owner": "Moraxyc",
        "ref": "chatgpt-linux",
        "repo": "nixpkgs",
        "type": "github"
      }
    },
    "nixpkgs_2": {
      "locked": {
        "lastModified": 1788316716,
        "narHash": "sha256-bc7rSpXIdn9QWGNqfWcPZWOhEVF8NoeAZkWq0XWnf/k=",
        "owner": "nixos",
        "repo": "nixpkgs",
        "rev": "3ed67ec0a4d3c7ab4ae1f04f8ee8df07bfa506a2",
        "type": "github"
      },
      "original": {
        "owner": "nixos",
        "ref": "nixos-unstable",
        "repo": "nixpkgs",
        "type": "github"
      }
    },
    "nixpkgs_3": {
      "locked": {
        "lastModified": 1775710090,
        "narHash": "sha256-ar3rofg+awPB8QXDaFJhJ2jJhu+KqN/PRCXeyuXR76E=",
        "owner": "NixOS",
        "repo": "nixpkgs",
        "rev": "4c1018dae018162ec878d42fec712642d214fdfa",
        "type": "github"
      },
      "original": {
        "owner": "NixOS",
        "ref": "nixos-unstable",
        "repo": "nixpkgs",
        "type": "github"
      }
    },
    "plasma-manager": {
      "inputs": {
        "home-manager": [
          "home-manager"
        ],
        "nixpkgs": [
          "nixpkgs"
        ]
      },
      "locked": {
        "lastModified": 1785762349,
        "narHash": "sha256-jZhZkzAwc7f3exzcTDJWP2WCAchCv0iNC3UF/QsahdQ=",
        "owner": "nix-community",
        "repo": "plasma-manager",
        "rev": "a19a2a029fa180911bd89c554dca1616e10f4c1d",
        "type": "github"
      },
      "original": {
        "owner": "nix-community",
        "repo": "plasma-manager",
        "type": "github"
      }
    },
    "root": {
      "inputs": {
        "chaotic": "chaotic",
        "home-manager": "home-manager_2",
        "nixpkgs": "nixpkgs_2",
        "nixpkgs-chatgpt": "nixpkgs-chatgpt",
        "plasma-manager": "plasma-manager",
        "walker": "walker"
      }
    },
    "systems": {
      "locked": {
        "lastModified": 1689347949,
        "narHash": "sha256-12tWmuL2zgBgZkdoB6qXZsgJEH9LR3oUgpaQq2RbI80=",
        "owner": "nix-systems",
        "repo": "default-linux",
        "rev": "31732fcf5e8fea42e59c2488ad31a0e651500f68",
        "type": "github"
      },
      "original": {
        "owner": "nix-systems",
        "repo": "default-linux",
        "type": "github"
      }
    },
    "walker": {
      "inputs": {
        "elephant": "elephant",
        "nixpkgs": "nixpkgs_3",
        "systems": "systems"
      },
      "locked": {
        "lastModified": 1784217994,
        "narHash": "sha256-gxHJsrJZo2qbKK47Kf/9ho3i/HhRwkL8XvPnczGPd9E=",
        "owner": "abenz1267",
        "repo": "walker",
        "rev": "42b3ed88abf50bc52638fb2835b7f17e3ea3ac4c",
        "type": "github"
      },
      "original": {
        "owner": "abenz1267",
        "repo": "walker",
        "type": "github"
      }
    }
  },
  "root": "root",
  "version": 7
}
